
Microsoft Visual Studio Solution File, Format Version 12.00
# Visual Studio Version 17
VisualStudioVersion = 17.1.32319.34
MinimumVisualStudioVersion = 10.0.40219.1
Project("{FAE04EC0-301F-11D3-BF4B-00C04F79EFBC}") = "Satisfactory Optimizer", "Satisfactory Optimizer\Satisfactory Optimizer.csproj", "{94113E03-8BD0-487F-878F-592CEB630221}"
EndProject
Global
	GlobalSection(SolutionConfigurationPlatforms) = preSolution
		Debug|Any CPU = Debug|Any CPU
		Release|Any CPU = Release|Any CPU
	EndGlobalSection
	GlobalSection(ProjectConfigurationPlatforms) = postSolution
		{94113E03-8BD0-487F-878F-592CEB630221}.Debug|Any CPU.ActiveCfg = Debug|Any CPU
		{94113E03-8BD0-487F-878F-592CEB630221}.Debug|Any CPU.Build.0 = Debug|Any CPU
		{94113E03-8BD0-487F-878F-592CEB630221}.Release|Any CPU.ActiveCfg = Release|Any CPU
		{94113E03-8BD0-487F-878F-592CEB630221}.Release|Any CPU.Build.0 = Release|Any CPU
	EndGlobalSection
	GlobalSection(SolutionProperties) = preSolution
		HideSolutionNode = FALSE
	EndGlobalSection
	GlobalSection(ExtensibilityGlobals) = postSolution
		SolutionGuid = {3572EC23-240F-45F7-BF1D-781B1F356EDE}
	EndGlobalSection
EndGlobal
